// !$*UTF8*$!
{
	archiveVersion = 1;
	classes = {
	};
	objectVersion = 50;
	objects = {

/* Begin PBXBuildFile section */
		F622722F22D5717600A3F291 /* DataManager.swift in Sources */ = {isa = PBXBuildFile; fileRef = F622722E22D5717600A3F291 /* DataManager.swift */; };
		F622723222D57EB400A3F291 /* Logger.swift in Sources */ = {isa = PBXBuildFile; fileRef = F622723122D57EB400A3F291 /* Logger.swift */; };
		F627D0F322FBC39E0031F064 /* ContractionTableViewCell.swift in Sources */ = {isa = PBXBuildFile; fileRef = F627D0F122FBC39E0031F064 /* ContractionTableViewCell.swift */; };
		F627D0F422FBC39E0031F064 /* ContractionTableViewCell.xib in Resources */ = {isa = PBXBuildFile; fileRef = F627D0F222FBC39E0031F064 /* ContractionTableViewCell.xib */; };
		F6287E0522D6016600685AFB /* ContractionTimer.xcdatamodeld in Sources */ = {isa = PBXBuildFile; fileRef = F6287E0322D6016600685AFB /* ContractionTimer.xcdatamodeld */; };
		F6287E0722D601F700685AFB /* Contraction.swift in Sources */ = {isa = PBXBuildFile; fileRef = F6287E0622D601F700685AFB /* Contraction.swift */; };
		F667036B22D2335F0023E742 /* AppDelegate.swift in Sources */ = {isa = PBXBuildFile; fileRef = F667036A22D2335F0023E742 /* AppDelegate.swift */; };
		F667036D22D2335F0023E742 /* MainViewController.swift in Sources */ = {isa = PBXBuildFile; fileRef = F667036C22D2335F0023E742 /* MainViewController.swift */; };
		F667037022D2335F0023E742 /* Main.storyboard in Resources */ = {isa = PBXBuildFile; fileRef = F667036E22D2335F0023E742 /* Main.storyboard */; };
		F667037522D233610023E742 /* Assets.xcassets in Resources */ = {isa = PBXBuildFile; fileRef = F667037422D233610023E742 /* Assets.xcassets */; };
		F667037822D233610023E742 /* LaunchScreen.storyboard in Resources */ = {isa = PBXBuildFile; fileRef = F667037622D233610023E742 /* LaunchScreen.storyboard */; };
		F6743A9222DD4FE2000BC147 /* StatViewTableCell.swift in Sources */ = {isa = PBXBuildFile; fileRef = F6743A9122DD4FE2000BC147 /* StatViewTableCell.swift */; };
		F6743A9922DD58F7000BC147 /* ContractionPriv+CoreDataClass.swift in Sources */ = {isa = PBXBuildFile; fileRef = F6743A9722DD58F7000BC147 /* ContractionPriv+CoreDataClass.swift */; };
		F6743A9A22DD58F7000BC147 /* ContractionPriv+CoreDataProperties.swift in Sources */ = {isa = PBXBuildFile; fileRef = F6743A9822DD58F7000BC147 /* ContractionPriv+CoreDataProperties.swift */; };
		F684CC4E22D42670007355E1 /* ContractionTimer.swift in Sources */ = {isa = PBXBuildFile; fileRef = F684CC4D22D42670007355E1 /* ContractionTimer.swift */; };
		F6AEE15F22FBB1E100163E1D /* QuartzCore.framework in Frameworks */ = {isa = PBXBuildFile; fileRef = F6AEE15E22FBB1E100163E1D /* QuartzCore.framework */; };
		F6FB8BF622ECFD6600BDD5DF /* ContractionTableViewController.swift in Sources */ = {isa = PBXBuildFile; fileRef = F6FB8BF522ECFD6600BDD5DF /* ContractionTableViewController.swift */; };
		F6FB8BF822ED4ACB00BDD5DF /* SaveContractionViewController.swift in Sources */ = {isa = PBXBuildFile; fileRef = F6FB8BF722ED4ACB00BDD5DF /* SaveContractionViewController.swift */; };
/* End PBXBuildFile section */

/* Begin PBXFileReference section */
		F622722E22D5717600A3F291 /* DataManager.swift */ = {isa = PBXFileReference; lastKnownFileType = sourcecode.swift; path = DataManager.swift; sourceTree = "<group>"; };
		F622723122D57EB400A3F291 /* Logger.swift */ = {isa = PBXFileReference; lastKnownFileType = sourcecode.swift; path = Logger.swift; sourceTree = "<group>"; };
		F627D0F122FBC39E0031F064 /* ContractionTableViewCell.swift */ = {isa = PBXFileReference; lastKnownFileType = sourcecode.swift; path = ContractionTableViewCell.swift; sourceTree = "<group>"; };
		F627D0F222FBC39E0031F064 /* ContractionTableViewCell.xib */ = {isa = PBXFileReference; lastKnownFileType = file.xib; path = ContractionTableViewCell.xib; sourceTree = "<group>"; };
		F6287E0422D6016600685AFB /* ContractionTimer.xcdatamodel */ = {isa = PBXFileReference; lastKnownFileType = wrapper.xcdatamodel; path = ContractionTimer.xcdatamodel; sourceTree = "<group>"; };
		F6287E0622D601F700685AFB /* Contraction.swift */ = {isa = PBXFileReference; lastKnownFileType = sourcecode.swift; path = Contraction.swift; sourceTree = "<group>"; };
		F667036722D2335F0023E742 /* ContractionTimer.app */ = {isa = PBXFileReference; explicitFileType = wrapper.application; includeInIndex = 0; path = ContractionTimer.app; sourceTree = BUILT_PRODUCTS_DIR; };
		F667036A22D2335F0023E742 /* AppDelegate.swift */ = {isa = PBXFileReference; lastKnownFileType = sourcecode.swift; path = AppDelegate.swift; sourceTree = "<group>"; };
		F667036C22D2335F0023E742 /* MainViewController.swift */ = {isa = PBXFileReference; lastKnownFileType = sourcecode.swift; path = MainViewController.swift; sourceTree = "<group>"; };
		F667036F22D2335F0023E742 /* Base */ = {isa = PBXFileReference; lastKnownFileType = file.storyboard; name = Base; path = Base.lproj/Main.storyboard; sourceTree = "<group>"; };
		F667037422D233610023E742 /* Assets.xcassets */ = {isa = PBXFileReference; lastKnownFileType = folder.assetcatalog; path = Assets.xcassets; sourceTree = "<group>"; };
		F667037722D233610023E742 /* Base */ = {isa = PBXFileReference; lastKnownFileType = file.storyboard; name = Base; path = Base.lproj/LaunchScreen.storyboard; sourceTree = "<group>"; };
		F667037922D233610023E742 /* Info.plist */ = {isa = PBXFileReference; lastKnownFileType = text.plist.xml; path = Info.plist; sourceTree = "<group>"; };
		F6743A9122DD4FE2000BC147 /* StatViewTableCell.swift */ = {isa = PBXFileReference; lastKnownFileType = sourcecode.swift; path = StatViewTableCell.swift; sourceTree = "<group>"; };
		F6743A9722DD58F7000BC147 /* ContractionPriv+CoreDataClass.swift */ = {isa = PBXFileReference; lastKnownFileType = sourcecode.swift; path = "ContractionPriv+CoreDataClass.swift"; sourceTree = "<group>"; };
		F6743A9822DD58F7000BC147 /* ContractionPriv+CoreDataProperties.swift */ = {isa = PBXFileReference; lastKnownFileType = sourcecode.swift; path = "ContractionPriv+CoreDataProperties.swift"; sourceTree = "<group>"; };
		F684CC4D22D42670007355E1 /* ContractionTimer.swift */ = {isa = PBXFileReference; lastKnownFileType = sourcecode.swift; path = ContractionTimer.swift; sourceTree = "<group>"; };
		F6AEE15E22FBB1E100163E1D /* QuartzCore.framework */ = {isa = PBXFileReference; lastKnownFileType = wrapper.framework; name = QuartzCore.framework; path = System/Library/Frameworks/QuartzCore.framework; sourceTree = SDKROOT; };
		F6FB8BF522ECFD6600BDD5DF /* ContractionTableViewController.swift */ = {isa = PBXFileReference; fileEncoding = 4; lastKnownFileType = sourcecode.swift; path = ContractionTableViewController.swift; sourceTree = "<group>"; };
		F6FB8BF722ED4ACB00BDD5DF /* SaveContractionViewController.swift */ = {isa = PBXFileReference; lastKnownFileType = sourcecode.swift; path = SaveContractionViewController.swift; sourceTree = "<group>"; };
/* End PBXFileReference section */

/* Begin PBXFrameworksBuildPhase section */
		F667036422D2335F0023E742 /* Frameworks */ = {
			isa = PBXFrameworksBuildPhase;
			buildActionMask = 2147483647;
			files = (
				F6AEE15F22FBB1E100163E1D /* QuartzCore.framework in Frameworks */,
			);
			runOnlyForDeploymentPostprocessing = 0;
		};
/* End PBXFrameworksBuildPhase section */

/* Begin PBXGroup section */
		F622723022D57EA400A3F291 /* Util */ = {
			isa = PBXGroup;
			children = (
				F622723122D57EB400A3F291 /* Logger.swift */,
			);
			path = Util;
			sourceTree = "<group>";
		};
		F667035E22D2335F0023E742 = {
			isa = PBXGroup;
			children = (
				F667036922D2335F0023E742 /* ContractionTimer */,
				F667036822D2335F0023E742 /* Products */,
				F6AEE15D22FBB1E100163E1D /* Frameworks */,
			);
			sourceTree = "<group>";
		};
		F667036822D2335F0023E742 /* Products */ = {
			isa = PBXGroup;
			children = (
				F667036722D2335F0023E742 /* ContractionTimer.app */,
			);
			name = Products;
			sourceTree = "<group>";
		};
		F667036922D2335F0023E742 /* ContractionTimer */ = {
			isa = PBXGroup;
			children = (
				F622723022D57EA400A3F291 /* Util */,
				F684CC4C22D4265E007355E1 /* Model */,
				F667038122D234580023E742 /* UI */,
				F667038022D234470023E742 /* Data */,
				F667037F22D233F80023E742 /* Storyboards */,
				F667038222D234610023E742 /* Supporting Files */,
				F667037922D233610023E742 /* Info.plist */,
			);
			path = ContractionTimer;
			sourceTree = "<group>";
		};
		F667037F22D233F80023E742 /* Storyboards */ = {
			isa = PBXGroup;
			children = (
				F667036E22D2335F0023E742 /* Main.storyboard */,
				F667037622D233610023E742 /* LaunchScreen.storyboard */,
			);
			path = Storyboards;
			sourceTree = "<group>";
		};
		F667038022D234470023E742 /* Data */ = {
			isa = PBXGroup;
			children = (
				F6743A9722DD58F7000BC147 /* ContractionPriv+CoreDataClass.swift */,
				F6743A9822DD58F7000BC147 /* ContractionPriv+CoreDataProperties.swift */,
				F6287E0322D6016600685AFB /* ContractionTimer.xcdatamodeld */,
				F622722E22D5717600A3F291 /* DataManager.swift */,
			);
			path = Data;
			sourceTree = "<group>";
		};
		F667038122D234580023E742 /* UI */ = {
			isa = PBXGroup;
			children = (
				F6FB8BF522ECFD6600BDD5DF /* ContractionTableViewController.swift */,
				F667036C22D2335F0023E742 /* MainViewController.swift */,
				F6743A9122DD4FE2000BC147 /* StatViewTableCell.swift */,
				F6FB8BF722ED4ACB00BDD5DF /* SaveContractionViewController.swift */,
				F627D0F122FBC39E0031F064 /* ContractionTableViewCell.swift */,
				F627D0F222FBC39E0031F064 /* ContractionTableViewCell.xib */,
			);
			path = UI;
			sourceTree = "<group>";
		};
		F667038222D234610023E742 /* Supporting Files */ = {
			isa = PBXGroup;
			children = (
				F667036A22D2335F0023E742 /* AppDelegate.swift */,
				F667037422D233610023E742 /* Assets.xcassets */,
			);
			path = "Supporting Files";
			sourceTree = "<group>";
		};
		F684CC4C22D4265E007355E1 /* Model */ = {
			isa = PBXGroup;
			children = (
				F684CC4D22D42670007355E1 /* ContractionTimer.swift */,
				F6287E0622D601F700685AFB /* Contraction.swift */,
			);
			path = Model;
			sourceTree = "<group>";
		};
		F6AEE15D22FBB1E100163E1D /* Frameworks */ = {
			isa = PBXGroup;
			children = (
				F6AEE15E22FBB1E100163E1D /* QuartzCore.framework */,
			);
			name = Frameworks;
			sourceTree = "<group>";
		};
/* End PBXGroup section */

/* Begin PBXNativeTarget section */
		F667036622D2335F0023E742 /* ContractionTimer */ = {
			isa = PBXNativeTarget;
			buildConfigurationList = F667037C22D233610023E742 /* Build configuration list for PBXNativeTarget "ContractionTimer" */;
			buildPhases = (
				F667036322D2335F0023E742 /* Sources */,
				F667036422D2335F0023E742 /* Frameworks */,
				F667036522D2335F0023E742 /* Resources */,
			);
			buildRules = (
			);
			dependencies = (
			);
			name = ContractionTimer;
			productName = ContractionTimer;
			productReference = F667036722D2335F0023E742 /* ContractionTimer.app */;
			productType = "com.apple.product-type.application";
		};
/* End PBXNativeTarget section */

/* Begin PBXProject section */
		F667035F22D2335F0023E742 /* Project object */ = {
			isa = PBXProject;
			attributes = {
				LastSwiftUpdateCheck = 1020;
				LastUpgradeCheck = 1020;
				ORGANIZATIONNAME = FoxNet;
				TargetAttributes = {
					F667036622D2335F0023E742 = {
						CreatedOnToolsVersion = 10.2.1;
					};
				};
			};
			buildConfigurationList = F667036222D2335F0023E742 /* Build configuration list for PBXProject "ContractionTimer" */;
			compatibilityVersion = "Xcode 9.3";
			developmentRegion = en;
			hasScannedForEncodings = 0;
			knownRegions = (
				en,
				Base,
			);
			mainGroup = F667035E22D2335F0023E742;
			productRefGroup = F667036822D2335F0023E742 /* Products */;
			projectDirPath = "";
			projectRoot = "";
			targets = (
				F667036622D2335F0023E742 /* ContractionTimer */,
			);
		};
/* End PBXProject section */

/* Begin PBXResourcesBuildPhase section */
		F667036522D2335F0023E742 /* Resources */ = {
			isa = PBXResourcesBuildPhase;
			buildActionMask = 2147483647;
			files = (
				F627D0F422FBC39E0031F064 /* ContractionTableViewCell.xib in Resources */,
				F667037822D233610023E742 /* LaunchScreen.storyboard in Resources */,
				F667037522D233610023E742 /* Assets.xcassets in Resources */,
				F667037022D2335F0023E742 /* Main.storyboard in Resources */,
			);
			runOnlyForDeploymentPostprocessing = 0;
		};
/* End PBXResourcesBuildPhase section */

/* Begin PBXSourcesBuildPhase section */
		F667036322D2335F0023E742 /* Sources */ = {
			isa = PBXSourcesBuildPhase;
			buildActionMask = 2147483647;
			files = (
				F667036D22D2335F0023E742 /* MainViewController.swift in Sources */,
				F6743A9222DD4FE2000BC147 /* StatViewTableCell.swift in Sources */,
				F622723222D57EB400A3F291 /* Logger.swift in Sources */,
				F6287E0722D601F700685AFB /* Contraction.swift in Sources */,
				F6287E0522D6016600685AFB /* ContractionTimer.xcdatamodeld in Sources */,
				F6FB8BF622ECFD6600BDD5DF /* ContractionTableViewController.swift in Sources */,
				F622722F22D5717600A3F291 /* DataManager.swift in Sources */,
				F684CC4E22D42670007355E1 /* ContractionTimer.swift in Sources */,
				F667036B22D2335F0023E742 /* AppDelegate.swift in Sources */,
				F6FB8BF822ED4ACB00BDD5DF /* SaveContractionViewController.swift in Sources */,
				F6743A9922DD58F7000BC147 /* ContractionPriv+CoreDataClass.swift in Sources */,
				F627D0F322FBC39E0031F064 /* ContractionTableViewCell.swift in Sources */,
				F6743A9A22DD58F7000BC147 /* ContractionPriv+CoreDataProperties.swift in Sources */,
			);
			runOnlyForDeploymentPostprocessing = 0;
		};
/* End PBXSourcesBuildPhase section */

/* Begin PBXVariantGroup section */
		F667036E22D2335F0023E742 /* Main.storyboard */ = {
			isa = PBXVariantGroup;
			children = (
				F667036F22D2335F0023E742 /* Base */,
			);
			name = Main.storyboard;
			sourceTree = "<group>";
		};
		F667037622D233610023E742 /* LaunchScreen.storyboard */ = {
			isa = PBXVariantGroup;
			children = (
				F667037722D233610023E742 /* Base */,
			);
			name = LaunchScreen.storyboard;
			sourceTree = "<group>";
		};
/* End PBXVariantGroup section */

/* Begin XCBuildConfiguration section */
		F667037A22D233610023E742 /* Debug */ = {
			isa = XCBuildConfiguration;
			buildSettings = {
				ALWAYS_SEARCH_USER_PATHS = NO;
				CLANG_ANALYZER_NONNULL = YES;
				CLANG_ANALYZER_NUMBER_OBJECT_CONVERSION = YES_AGGRESSIVE;
				CLANG_CXX_LANGUAGE_STANDARD = "gnu++14";
				CLANG_CXX_LIBRARY = "libc++";
				CLANG_ENABLE_MODULES = YES;
				CLANG_ENABLE_OBJC_ARC = YES;
				CLANG_ENABLE_OBJC_WEAK = YES;
				CLANG_WARN_BLOCK_CAPTURE_AUTORELEASING = YES;
				CLANG_WARN_BOOL_CONVERSION = YES;
				CLANG_WARN_COMMA = YES;
				CLANG_WARN_CONSTANT_CONVERSION = YES;
				CLANG_WARN_DEPRECATED_OBJC_IMPLEMENTATIONS = YES;
				CLANG_WARN_DIRECT_OBJC_ISA_USAGE = YES_ERROR;
				CLANG_WARN_DOCUMENTATION_COMMENTS = YES;
				CLANG_WARN_EMPTY_BODY = YES;
				CLANG_WARN_ENUM_CONVERSION = YES;
				CLANG_WARN_INFINITE_RECURSION = YES;
				CLANG_WARN_INT_CONVERSION = YES;
				CLANG_WARN_NON_LITERAL_NULL_CONVERSION = YES;
				CLANG_WARN_OBJC_IMPLICIT_RETAIN_SELF = YES;
				CLANG_WARN_OBJC_LITERAL_CONVERSION = YES;
				CLANG_WARN_OBJC_ROOT_CLASS = YES_ERROR;
				CLANG_WARN_RANGE_LOOP_ANALYSIS = YES;
				CLANG_WARN_STRICT_PROTOTYPES = YES;
				CLANG_WARN_SUSPICIOUS_MOVE = YES;
				CLANG_WARN_UNGUARDED_AVAILABILITY = YES_AGGRESSIVE;
				CLANG_WARN_UNREACHABLE_CODE = YES;
				CLANG_WARN__DUPLICATE_METHOD_MATCH = YES;
				CODE_SIGN_IDENTITY = "iPhone Developer";
				COPY_PHASE_STRIP = NO;
				DEBUG_INFORMATION_FORMAT = dwarf;
				ENABLE_STRICT_OBJC_MSGSEND = YES;
				ENABLE_TESTABILITY = YES;
				GCC_C_LANGUAGE_STANDARD = gnu11;
				GCC_DYNAMIC_NO_PIC = NO;
				GCC_NO_COMMON_BLOCKS = YES;
				GCC_OPTIMIZATION_LEVEL = 0;
				GCC_PREPROCESSOR_DEFINITIONS = (
					"DEBUG=1",
					"$(inherited)",
				);
				GCC_WARN_64_TO_32_BIT_CONVERSION = YES;
				GCC_WARN_ABOUT_RETURN_TYPE = YES_ERROR;
				GCC_WARN_UNDECLARED_SELECTOR = YES;
				GCC_WARN_UNINITIALIZED_AUTOS = YES_AGGRESSIVE;
				GCC_WARN_UNUSED_FUNCTION = YES;
				GCC_WARN_UNUSED_VARIABLE = YES;
				IPHONEOS_DEPLOYMENT_TARGET = 12.2;
				MTL_ENABLE_DEBUG_INFO = INCLUDE_SOURCE;
				MTL_FAST_MATH = YES;
				ONLY_ACTIVE_ARCH = YES;
				SDKROOT = iphoneos;
				SWIFT_ACTIVE_COMPILATION_CONDITIONS = DEBUG;
				SWIFT_OPTIMIZATION_LEVEL = "-Onone";
			};
			name = Debug;
		};
		F667037B22D233610023E742 /* Release */ = {
			isa = XCBuildConfiguration;
			buildSettings = {
				ALWAYS_SEARCH_USER_PATHS = NO;
				CLANG_ANALYZER_NONNULL = YES;
				CLANG_ANALYZER_NUMBER_OBJECT_CONVERSION = YES_AGGRESSIVE;
				CLANG_CXX_LANGUAGE_STANDARD = "gnu++14";
				CLANG_CXX_LIBRARY = "libc++";
				CLANG_ENABLE_MODULES = YES;
				CLANG_ENABLE_OBJC_ARC = YES;
				CLANG_ENABLE_OBJC_WEAK = YES;
				CLANG_WARN_BLOCK_CAPTURE_AUTORELEASING = YES;
				CLANG_WARN_BOOL_CONVERSION = YES;
				CLANG_WARN_COMMA = YES;
				CLANG_WARN_CONSTANT_CONVERSION = YES;
				CLANG_WARN_DEPRECATED_OBJC_IMPLEMENTATIONS = YES;
				CLANG_WARN_DIRECT_OBJC_ISA_USAGE = YES_ERROR;
				CLANG_WARN_DOCUMENTATION_COMMENTS = YES;
				CLANG_WARN_EMPTY_BODY = YES;
				CLANG_WARN_ENUM_CONVERSION = YES;
				CLANG_WARN_INFINITE_RECURSION = YES;
				CLANG_WARN_INT_CONVERSION = YES;
				CLANG_WARN_NON_LITERAL_NULL_CONVERSION = YES;
				CLANG_WARN_OBJC_IMPLICIT_RETAIN_SELF = YES;
				CLANG_WARN_OBJC_LITERAL_CONVERSION = YES;
				CLANG_WARN_OBJC_ROOT_CLASS = YES_ERROR;
				CLANG_WARN_RANGE_LOOP_ANALYSIS = YES;
				CLANG_WARN_STRICT_PROTOTYPES = YES;
				CLANG_WARN_SUSPICIOUS_MOVE = YES;
				CLANG_WARN_UNGUARDED_AVAILABILITY = YES_AGGRESSIVE;
				CLANG_WARN_UNREACHABLE_CODE = YES;
				CLANG_WARN__DUPLICATE_METHOD_MATCH = YES;
				CODE_SIGN_IDENTITY = "iPhone Developer";
				COPY_PHASE_STRIP = NO;
				DEBUG_INFORMATION_FORMAT = "dwarf-with-dsym";
				ENABLE_NS_ASSERTIONS = NO;
				ENABLE_STRICT_OBJC_MSGSEND = YES;
				GCC_C_LANGUAGE_STANDARD = gnu11;
				GCC_NO_COMMON_BLOCKS = YES;
				GCC_WARN_64_TO_32_BIT_CONVERSION = YES;
				GCC_WARN_ABOUT_RETURN_TYPE = YES_ERROR;
				GCC_WARN_UNDECLARED_SELECTOR = YES;
				GCC_WARN_UNINITIALIZED_AUTOS = YES_AGGRESSIVE;
				GCC_WARN_UNUSED_FUNCTION = YES;
				GCC_WARN_UNUSED_VARIABLE = YES;
				IPHONEOS_DEPLOYMENT_TARGET = 12.2;
				MTL_ENABLE_DEBUG_INFO = NO;
				MTL_FAST_MATH = YES;
				SDKROOT = iphoneos;
				SWIFT_COMPILATION_MODE = wholemodule;
				SWIFT_OPTIMIZATION_LEVEL = "-O";
				VALIDATE_PRODUCT = YES;
			};
			name = Release;
		};
		F667037D22D233610023E742 /* Debug */ = {
			isa = XCBuildConfiguration;
			buildSettings = {
				ASSETCATALOG_COMPILER_APPICON_NAME = AppIcon;
				CODE_SIGN_STYLE = Automatic;
				DEVELOPMENT_TEAM = 9PSYN3N9X6;
				INFOPLIST_FILE = ContractionTimer/Info.plist;
				LD_RUNPATH_SEARCH_PATHS = (
					"$(inherited)",
					"@executable_path/Frameworks",
				);
				PRODUCT_BUNDLE_IDENTIFIER = net.foxnet.ContractionTimer;
				PRODUCT_NAME = "$(TARGET_NAME)";
				SWIFT_VERSION = 5.0;
				TARGETED_DEVICE_FAMILY = "1,2";
			};
			name = Debug;
		};
		F667037E22D233610023E742 /* Release */ = {
			isa = XCBuildConfiguration;
			buildSettings = {
				ASSETCATALOG_COMPILER_APPICON_NAME = AppIcon;
				CODE_SIGN_STYLE = Automatic;
				DEVELOPMENT_TEAM = 9PSYN3N9X6;
				INFOPLIST_FILE = ContractionTimer/Info.plist;
				LD_RUNPATH_SEARCH_PATHS = (
					"$(inherited)",
					"@executable_path/Frameworks",
				);
				PRODUCT_BUNDLE_IDENTIFIER = net.foxnet.ContractionTimer;
				PRODUCT_NAME = "$(TARGET_NAME)";
				SWIFT_VERSION = 5.0;
				TARGETED_DEVICE_FAMILY = "1,2";
			};
			name = Release;
		};
/* End XCBuildConfiguration section */

/* Begin XCConfigurationList section */
		F667036222D2335F0023E742 /* Build configuration list for PBXProject "ContractionTimer" */ = {
			isa = XCConfigurationList;
			buildConfigurations = (
				F667037A22D233610023E742 /* Debug */,
				F667037B22D233610023E742 /* Release */,
			);
			defaultConfigurationIsVisible = 0;
			defaultConfigurationName = Release;
		};
		F667037C22D233610023E742 /* Build configuration list for PBXNativeTarget "ContractionTimer" */ = {
			isa = XCConfigurationList;
			buildConfigurations = (
				F667037D22D233610023E742 /* Debug */,
				F667037E22D233610023E742 /* Release */,
			);
			defaultConfigurationIsVisible = 0;
			defaultConfigurationName = Release;
		};
/* End XCConfigurationList section */

/* Begin XCVersionGroup section */
		F6287E0322D6016600685AFB /* ContractionTimer.xcdatamodeld */ = {
			isa = XCVersionGroup;
			children = (
				F6287E0422D6016600685AFB /* ContractionTimer.xcdatamodel */,
			);
			currentVersion = F6287E0422D6016600685AFB /* ContractionTimer.xcdatamodel */;
			path = ContractionTimer.xcdatamodeld;
			sourceTree = "<group>";
			versionGroupType = wrapper.xcdatamodel;
		};
/* End XCVersionGroup section */
	};
	rootObject = F667035F22D2335F0023E742 /* Project object */;
}
